version = 1
revision = 3
requires-python = ">=3.12"

[[package]]
name = "innovation-reading-tools"
version = "0.1.0"
source = { virtual = "." }
dependencies = [
    { name = "latex2mathml" },
    { name = "markdown-it-py" },
    { name = "mdit-py-plugins" },
]

[package.metadata]
requires-dist = [
    { name = "latex2mathml", specifier = ">=3.78,<4" },
    { name = "markdown-it-py", specifier = ">=3,<5" },
    { name = "mdit-py-plugins", specifier = ">=0.4,<1" },
]

[[package]]
name = "latex2mathml"
version = "3.81.1"
source = { registry = "https://pypi.org/simple" }
sdist = { url = "https://files.pythonhosted.org/packages/88/db/336c38300e44582752b95842b15a4be8fe656914cf5b02ad1bec53cebceb/latex2mathml-3.81.1.tar.gz", hash = "sha256:c95add0c0fcdecad2d70567e0643050d5ea1149fb2e98a5d5792fb1c8eea2ed5", size = 77475, upload-time = "2026-09-07T19:55:11.037Z" }
wheels = [
    { url = "https://files.pythonhosted.org/packages/07/30/b8bcfb01a2514cb7554a048ed52883de276e66d757c3cc535a3c29eb9e98/latex2mathml-3.81.1-py3-none-any.whl", hash = "sha256:c337668441b71c819b6733905a8058ba9a9d767bae11a0c5fdacb3aff31361bd", size = 79159, upload-time = "2026-09-07T19:55:09.611Z" },
]

[[package]]
name = "markdown-it-py"
version = "4.2.0"
source = { registry = "https://pypi.org/simple" }
dependencies = [
    { name = "mdurl" },
]
sdist = { url = "https://files.pythonhosted.org/packages/06/ff/7841249c247aa650a76b9ee4bbaeae59370dc8bfd2f6c01f3630c35eb134/markdown_it_py-4.2.0.tar.gz", hash = "sha256:04a21681d6fbb623de53f6f364d352309d4094dd4194040a10fd51833e418d49", size = 82454, upload-time = "2026-05-07T12:08:28.36Z" }
wheels = [
    { url = "https://files.pythonhosted.org/packages/b3/81/4da04ced5a082363ecfa159c010d200ecbd959ae410c10c0264a38cac0f5/markdown_it_py-4.2.0-py3-none-any.whl", hash = "sha256:9f7ebbcd14fe59494226453aed97c1070d83f8d24b6fc3a3bcf9a38092641c4a", size = 91687, upload-time = "2026-05-07T12:08:27.182Z" },
]

[[package]]
name = "mdit-py-plugins"
version = "0.6.1"
source = { registry = "https://pypi.org/simple" }
dependencies = [
    { name = "markdown-it-py" },
]
sdist = { url = "https://files.pythonhosted.org/packages/59/fc/f8d0863f8862f25602c0404d75568e89fb6b4109804645e5cdfb1be5cf56/mdit_py_plugins-0.6.1.tar.gz", hash = "sha256:a2bca0f039f39dbd35fb74ae1b5f998608c437463371f0ff7f49a19a17a114d0", size = 56114, upload-time = "2026-05-13T09:03:38.91Z" }
wheels = [
    { url = "https://files.pythonhosted.org/packages/a5/69/6da5581c6a7fede7dc261bf4e67d6adca4196f176b43288b55b3db395b6e/mdit_py_plugins-0.6.1-py3-none-any.whl", hash = "sha256:214c82fb2ac524472ab6a5bcab1de80f73b50443e187f401bfd77efbc7c6481d", size = 66663, upload-time = "2026-05-13T09:03:37.76Z" },
]

[[package]]
name = "mdurl"
version = "0.1.2"
source = { registry = "https://pypi.org/simple" }
sdist = { url = "https://files.pythonhosted.org/packages/d6/54/cfe61301667036ec958cb99bd3efefba235e65cdeb9c84d24a8293ba1d90/mdurl-0.1.2.tar.gz", hash = "sha256:bb413d29f5eea38f31dd4754dd7377d4465116fb207585f97bf925588687c1ba", size = 8729, upload-time = "2022-08-14T12:40:10.846Z" }
wheels = [
    { url = "https://files.pythonhosted.org/packages/b3/38/89ba8ad64ae25be8de66a6d463314cf1eb366222074cfda9ee839c56a4b4/mdurl-0.1.2-py3-none-any.whl", hash = "sha256:84008a41e51615a49fc9966191ff91509e3c40b939176e643fd50a5c2196b8f8", size = 9979, upload-time = "2022-08-14T12:40:09.779Z" },
]
